// !$*UTF8*$!
{
	archiveVersion = 1;
	classes = {
	};
	objectVersion = 46;
	objects = {

/* Begin PBXBuildFile section */
		493BBCC7CD55AC2043BA94AF /* Pods_BWeather_BWeatherTests.framework in Frameworks */ = {isa = PBXBuildFile; fileRef = C7CBBDECF7C507CD8550F0AE /* Pods_BWeather_BWeatherTests.framework */; };
		B13A2B2D1EE5562800A628A8 /* Localizable.strings in Resources */ = {isa = PBXBuildFile; fileRef = B13A2B2C1EE5562800A628A8 /* Localizable.strings */; };
		B13A2B2F1EE5867800A628A8 /* WeatherServices.swift in Sources */ = {isa = PBXBuildFile; fileRef = B13A2B2E1EE5867800A628A8 /* WeatherServices.swift */; };
		B13A2B321EE5870C00A628A8 /* WeatherEndpoints.swift in Sources */ = {isa = PBXBuildFile; fileRef = B13A2B311EE5870C00A628A8 /* WeatherEndpoints.swift */; };
		B13A2B341EE5ECEB00A628A8 /* RecentSearchListDataProvider.swift in Sources */ = {isa = PBXBuildFile; fileRef = B13A2B331EE5ECEB00A628A8 /* RecentSearchListDataProvider.swift */; };
		B13A2B371EE5EDFA00A628A8 /* RecentSearchStorage.swift in Sources */ = {isa = PBXBuildFile; fileRef = B13A2B361EE5EDFA00A628A8 /* RecentSearchStorage.swift */; };
		B13A2B391EE5FC2A00A628A8 /* SearchViewController.swift in Sources */ = {isa = PBXBuildFile; fileRef = B13A2B381EE5FC2A00A628A8 /* SearchViewController.swift */; };
		B13A2B3B1EE6014E00A628A8 /* SearchDataProvider.swift in Sources */ = {isa = PBXBuildFile; fileRef = B13A2B3A1EE6014E00A628A8 /* SearchDataProvider.swift */; };
		B13A2B3D1EEB03FB00A628A8 /* CountryPickerViewController.swift in Sources */ = {isa = PBXBuildFile; fileRef = B13A2B3C1EEB03FB00A628A8 /* CountryPickerViewController.swift */; };
		B13A2B3F1EF3D00B00A628A8 /* RecentSearchModel.swift in Sources */ = {isa = PBXBuildFile; fileRef = B13A2B3E1EF3D00B00A628A8 /* RecentSearchModel.swift */; };
		B16D15DB1EE1A11E00731719 /* AppDelegate.swift in Sources */ = {isa = PBXBuildFile; fileRef = B16D15DA1EE1A11E00731719 /* AppDelegate.swift */; };
		B16D15E51EE1A11E00731719 /* LaunchScreen.storyboard in Resources */ = {isa = PBXBuildFile; fileRef = B16D15E31EE1A11E00731719 /* LaunchScreen.storyboard */; };
		B16D16081EE1A28E00731719 /* ApplicationAssembly.swift in Sources */ = {isa = PBXBuildFile; fileRef = B16D15ED1EE1A28E00731719 /* ApplicationAssembly.swift */; };
		B16D16091EE1A28E00731719 /* DataprovidersAssembly.swift in Sources */ = {isa = PBXBuildFile; fileRef = B16D15EE1EE1A28E00731719 /* DataprovidersAssembly.swift */; };
		B16D160A1EE1A28E00731719 /* ManagersAssembly.swift in Sources */ = {isa = PBXBuildFile; fileRef = B16D15EF1EE1A28E00731719 /* ManagersAssembly.swift */; };
		B16D160B1EE1A28E00731719 /* ServicesAssembly.swift in Sources */ = {isa = PBXBuildFile; fileRef = B16D15F01EE1A28E00731719 /* ServicesAssembly.swift */; };
		B16D160C1EE1A28E00731719 /* StoragesAssembly.swift in Sources */ = {isa = PBXBuildFile; fileRef = B16D15F11EE1A28E00731719 /* StoragesAssembly.swift */; };
		B16D160D1EE1A28E00731719 /* AlertHelper.swift in Sources */ = {isa = PBXBuildFile; fileRef = B16D15F31EE1A28E00731719 /* AlertHelper.swift */; };
		B16D160E1EE1A28E00731719 /* Extensions.swift in Sources */ = {isa = PBXBuildFile; fileRef = B16D15F41EE1A28E00731719 /* Extensions.swift */; };
		B16D160F1EE1A28E00731719 /* LoaderHelper.swift in Sources */ = {isa = PBXBuildFile; fileRef = B16D15F51EE1A28E00731719 /* LoaderHelper.swift */; };
		B16D16101EE1A28E00731719 /* ApplicationRouter.swift in Sources */ = {isa = PBXBuildFile; fileRef = B16D15F71EE1A28E00731719 /* ApplicationRouter.swift */; };
		B16D16111EE1A28E00731719 /* DIManager.swift in Sources */ = {isa = PBXBuildFile; fileRef = B16D15F81EE1A28E00731719 /* DIManager.swift */; };
		B16D16131EE1A28E00731719 /* WeatherNetworkModels.swift in Sources */ = {isa = PBXBuildFile; fileRef = B16D15FC1EE1A28E00731719 /* WeatherNetworkModels.swift */; };
		B16D16141EE1A28E00731719 /* ServiceResources.swift in Sources */ = {isa = PBXBuildFile; fileRef = B16D15FE1EE1A28E00731719 /* ServiceResources.swift */; };
		B16D16181EE1A99400731719 /* RecentSearchListTableViewController.swift in Sources */ = {isa = PBXBuildFile; fileRef = B16D16171EE1A99400731719 /* RecentSearchListTableViewController.swift */; };
		B16D161D1EE1AEB600731719 /* Main.storyboard in Resources */ = {isa = PBXBuildFile; fileRef = B16D161B1EE1AEB600731719 /* Main.storyboard */; };
		B16D161F1EE1AF7300731719 /* ViewControllers.swift in Sources */ = {isa = PBXBuildFile; fileRef = B16D161E1EE1AF7300731719 /* ViewControllers.swift */; };
		B19EAF831F06A6010030B367 /* NetworkTests.swift in Sources */ = {isa = PBXBuildFile; fileRef = B19EAF821F06A6010030B367 /* NetworkTests.swift */; };
		B19EAF871F06A69E0030B367 /* WeatherNetworkModelSampleData.json in Resources */ = {isa = PBXBuildFile; fileRef = B19EAF861F06A69E0030B367 /* WeatherNetworkModelSampleData.json */; };
		B19EAF881F06A7080030B367 /* WeatherNetworkModels.swift in Sources */ = {isa = PBXBuildFile; fileRef = B16D15FC1EE1A28E00731719 /* WeatherNetworkModels.swift */; };
		B19EAF891F06AE0A0030B367 /* WeatherServices.swift in Sources */ = {isa = PBXBuildFile; fileRef = B13A2B2E1EE5867800A628A8 /* WeatherServices.swift */; };
		B19EAF8C1F07B8470030B367 /* DIManager.swift in Sources */ = {isa = PBXBuildFile; fileRef = B19EAF8B1F07B8470030B367 /* DIManager.swift */; };
		B19EAF8E1F07B9490030B367 /* StoragesAssembly.swift in Sources */ = {isa = PBXBuildFile; fileRef = B19EAF8D1F07B9490030B367 /* StoragesAssembly.swift */; };
		B19EAF901F07B9550030B367 /* ServicesAssembly.swift in Sources */ = {isa = PBXBuildFile; fileRef = B19EAF8F1F07B9550030B367 /* ServicesAssembly.swift */; };
		B19EAF921F07B9670030B367 /* DataprovidersAssembly.swift in Sources */ = {isa = PBXBuildFile; fileRef = B19EAF911F07B9670030B367 /* DataprovidersAssembly.swift */; };
		B19EAF951F07BAEB0030B367 /* RecentSearchStorage.swift in Sources */ = {isa = PBXBuildFile; fileRef = B13A2B361EE5EDFA00A628A8 /* RecentSearchStorage.swift */; };
		B19EAF961F07BC370030B367 /* RecentSearchListDataProvider.swift in Sources */ = {isa = PBXBuildFile; fileRef = B13A2B331EE5ECEB00A628A8 /* RecentSearchListDataProvider.swift */; };
		B19EAF971F07BC370030B367 /* SearchDataProvider.swift in Sources */ = {isa = PBXBuildFile; fileRef = B13A2B3A1EE6014E00A628A8 /* SearchDataProvider.swift */; };
		B19EAF981F07BD9D0030B367 /* ApplicationRouter.swift in Sources */ = {isa = PBXBuildFile; fileRef = B16D15F71EE1A28E00731719 /* ApplicationRouter.swift */; };
		B19EAF9C1F07BEFC0030B367 /* NetworkParsingTests.swift in Sources */ = {isa = PBXBuildFile; fileRef = B19EAF9B1F07BEFC0030B367 /* NetworkParsingTests.swift */; };
		B19EAF9D1F07C1AE0030B367 /* WeatherEndpoints.swift in Sources */ = {isa = PBXBuildFile; fileRef = B13A2B311EE5870C00A628A8 /* WeatherEndpoints.swift */; };
		B19EAF9E1F07C1BC0030B367 /* ViewControllers.swift in Sources */ = {isa = PBXBuildFile; fileRef = B16D161E1EE1AF7300731719 /* ViewControllers.swift */; };
		B19EAF9F1F07C1CA0030B367 /* ServiceResources.swift in Sources */ = {isa = PBXBuildFile; fileRef = B16D15FE1EE1A28E00731719 /* ServiceResources.swift */; };
		B19EAFA01F07C2430030B367 /* Extensions.swift in Sources */ = {isa = PBXBuildFile; fileRef = B16D15F41EE1A28E00731719 /* Extensions.swift */; };
		B19EAFA11F07C25B0030B367 /* RecentSearchModel.swift in Sources */ = {isa = PBXBuildFile; fileRef = B13A2B3E1EF3D00B00A628A8 /* RecentSearchModel.swift */; };
		B19EAFA21F07C26B0030B367 /* CLLocationManager+Rx.swift in Sources */ = {isa = PBXBuildFile; fileRef = F419A2A11EFBB5DC00502B8B /* CLLocationManager+Rx.swift */; };
		B19EAFA41F07E9000030B367 /* RecentTests.swift in Sources */ = {isa = PBXBuildFile; fileRef = B19EAFA31F07E9000030B367 /* RecentTests.swift */; };
		B1F9AE5A1F09245F00D57C26 /* UtilTests.swift in Sources */ = {isa = PBXBuildFile; fileRef = B1F9AE591F09245F00D57C26 /* UtilTests.swift */; };
		B1F9AE5C1F0928B600D57C26 /* RecentSearchDataProviderTests.swift in Sources */ = {isa = PBXBuildFile; fileRef = B1F9AE5B1F0928B600D57C26 /* RecentSearchDataProviderTests.swift */; };
		B28CE985E0EAE584F9C2D6FC /* Pods_BWeather.framework in Frameworks */ = {isa = PBXBuildFile; fileRef = 7977F2053297F80832CD470C /* Pods_BWeather.framework */; };
		F419A2A21EFBB5DC00502B8B /* CLLocationManager+Rx.swift in Sources */ = {isa = PBXBuildFile; fileRef = F419A2A11EFBB5DC00502B8B /* CLLocationManager+Rx.swift */; };
		F48FC5731EF7213800475E8F /* Assets.xcassets in Resources */ = {isa = PBXBuildFile; fileRef = F48FC5721EF7213800475E8F /* Assets.xcassets */; };
/* End PBXBuildFile section */

/* Begin PBXContainerItemProxy section */
		B19EAF7D1F06A48C0030B367 /* PBXContainerItemProxy */ = {
			isa = PBXContainerItemProxy;
			containerPortal = B16D15CF1EE1A11E00731719 /* Project object */;
			proxyType = 1;
			remoteGlobalIDString = B16D15D61EE1A11E00731719;
			remoteInfo = BWeather;
		};
/* End PBXContainerItemProxy section */

/* Begin PBXFileReference section */
		1EB787551CDA8FC8056175E5 /* Pods-BWeather.canadarelease.xcconfig */ = {isa = PBXFileReference; includeInIndex = 1; lastKnownFileType = text.xcconfig; name = "Pods-BWeather.canadarelease.xcconfig"; path = "Pods/Target Support Files/Pods-BWeather/Pods-BWeather.canadarelease.xcconfig"; sourceTree = "<group>"; };
		34838F659F5E091F8CB2D34A /* Pods-BWeather.australiarelease.xcconfig */ = {isa = PBXFileReference; includeInIndex = 1; lastKnownFileType = text.xcconfig; name = "Pods-BWeather.australiarelease.xcconfig"; path = "Pods/Target Support Files/Pods-BWeather/Pods-BWeather.australiarelease.xcconfig"; sourceTree = "<group>"; };
		587A7C8CFDAB0FE4BE71756B /* Pods-BWeather.release.xcconfig */ = {isa = PBXFileReference; includeInIndex = 1; lastKnownFileType = text.xcconfig; name = "Pods-BWeather.release.xcconfig"; path = "Pods/Target Support Files/Pods-BWeather/Pods-BWeather.release.xcconfig"; sourceTree = "<group>"; };
		6342CCE56FB74B93BCF20D6E /* Pods-BWeather.australiadebug.xcconfig */ = {isa = PBXFileReference; includeInIndex = 1; lastKnownFileType = text.xcconfig; name = "Pods-BWeather.australiadebug.xcconfig"; path = "Pods/Target Support Files/Pods-BWeather/Pods-BWeather.australiadebug.xcconfig"; sourceTree = "<group>"; };
		6D0993507DCA29F4342EB887 /* Pods-BWeather-BWeatherTests.australiarelease.xcconfig */ = {isa = PBXFileReference; includeInIndex = 1; lastKnownFileType = text.xcconfig; name = "Pods-BWeather-BWeatherTests.australiarelease.xcconfig"; path = "Pods/Target Support Files/Pods-BWeather-BWeatherTests/Pods-BWeather-BWeatherTests.australiarelease.xcconfig"; sourceTree = "<group>"; };
		6EB7619FAB57717FF25CD0E4 /* Pods-BWeather.canadadebug.xcconfig */ = {isa = PBXFileReference; includeInIndex = 1; lastKnownFileType = text.xcconfig; name = "Pods-BWeather.canadadebug.xcconfig"; path = "Pods/Target Support Files/Pods-BWeather/Pods-BWeather.canadadebug.xcconfig"; sourceTree = "<group>"; };
		7977F2053297F80832CD470C /* Pods_BWeather.framework */ = {isa = PBXFileReference; explicitFileType = wrapper.framework; includeInIndex = 0; path = Pods_BWeather.framework; sourceTree = BUILT_PRODUCTS_DIR; };
		A62540DC3A0C6985B881E32F /* Pods-BWeather-BWeatherTests.canadadebug.xcconfig */ = {isa = PBXFileReference; includeInIndex = 1; lastKnownFileType = text.xcconfig; name = "Pods-BWeather-BWeatherTests.canadadebug.xcconfig"; path = "Pods/Target Support Files/Pods-BWeather-BWeatherTests/Pods-BWeather-BWeatherTests.canadadebug.xcconfig"; sourceTree = "<group>"; };
		A845FB431A73DF4ACA97681D /* Pods-BWeather-BWeatherTests.release.xcconfig */ = {isa = PBXFileReference; includeInIndex = 1; lastKnownFileType = text.xcconfig; name = "Pods-BWeather-BWeatherTests.release.xcconfig"; path = "Pods/Target Support Files/Pods-BWeather-BWeatherTests/Pods-BWeather-BWeatherTests.release.xcconfig"; sourceTree = "<group>"; };
		AA92B0E605B46BCBB1D320F9 /* Pods-BWeather-BWeatherTests.debug.xcconfig */ = {isa = PBXFileReference; includeInIndex = 1; lastKnownFileType = text.xcconfig; name = "Pods-BWeather-BWeatherTests.debug.xcconfig"; path = "Pods/Target Support Files/Pods-BWeather-BWeatherTests/Pods-BWeather-BWeatherTests.debug.xcconfig"; sourceTree = "<group>"; };
		B13A2B2C1EE5562800A628A8 /* Localizable.strings */ = {isa = PBXFileReference; fileEncoding = 4; lastKnownFileType = text.plist.strings; path = Localizable.strings; sourceTree = "<group>"; };
		B13A2B2E1EE5867800A628A8 /* WeatherServices.swift */ = {isa = PBXFileReference; fileEncoding = 4; lastKnownFileType = sourcecode.swift; path = WeatherServices.swift; sourceTree = "<group>"; };
		B13A2B311EE5870C00A628A8 /* WeatherEndpoints.swift */ = {isa = PBXFileReference; fileEncoding = 4; lastKnownFileType = sourcecode.swift; path = WeatherEndpoints.swift; sourceTree = "<group>"; };
		B13A2B331EE5ECEB00A628A8 /* RecentSearchListDataProvider.swift */ = {isa = PBXFileReference; fileEncoding = 4; lastKnownFileType = sourcecode.swift; path = RecentSearchListDataProvider.swift; sourceTree = "<group>"; };
		B13A2B361EE5EDFA00A628A8 /* RecentSearchStorage.swift */ = {isa = PBXFileReference; fileEncoding = 4; lastKnownFileType = sourcecode.swift; path = RecentSearchStorage.swift; sourceTree = "<group>"; };
		B13A2B381EE5FC2A00A628A8 /* SearchViewController.swift */ = {isa = PBXFileReference; fileEncoding = 4; lastKnownFileType = sourcecode.swift; path = SearchViewController.swift; sourceTree = "<group>"; };
		B13A2B3A1EE6014E00A628A8 /* SearchDataProvider.swift */ = {isa = PBXFileReference; fileEncoding = 4; lastKnownFileType = sourcecode.swift; path = SearchDataProvider.swift; sourceTree = "<group>"; };
		B13A2B3C1EEB03FB00A628A8 /* CountryPickerViewController.swift */ = {isa = PBXFileReference; fileEncoding = 4; lastKnownFileType = sourcecode.swift; path = CountryPickerViewController.swift; sourceTree = "<group>"; };
		B13A2B3E1EF3D00B00A628A8 /* RecentSearchModel.swift */ = {isa = PBXFileReference; fileEncoding = 4; lastKnownFileType = sourcecode.swift; path = RecentSearchModel.swift; sourceTree = "<group>"; };
		B16D15D71EE1A11E00731719 /* BWeather.app */ = {isa = PBXFileReference; explicitFileType = wrapper.application; includeInIndex = 0; path = BWeather.app; sourceTree = BUILT_PRODUCTS_DIR; };
		B16D15DA1EE1A11E00731719 /* AppDelegate.swift */ = {isa = PBXFileReference; lastKnownFileType = sourcecode.swift; path = AppDelegate.swift; sourceTree = "<group>"; };
		B16D15E41EE1A11E00731719 /* Base */ = {isa = PBXFileReference; lastKnownFileType = file.storyboard; name = Base; path = Base.lproj/LaunchScreen.storyboard; sourceTree = "<group>"; };
		B16D15E61EE1A11E00731719 /* Info.plist */ = {isa = PBXFileReference; lastKnownFileType = text.plist.xml; path = Info.plist; sourceTree = "<group>"; };
		B16D15ED1EE1A28E00731719 /* ApplicationAssembly.swift */ = {isa = PBXFileReference; fileEncoding = 4; lastKnownFileType = sourcecode.swift; path = ApplicationAssembly.swift; sourceTree = "<group>"; };
		B16D15EE1EE1A28E00731719 /* DataprovidersAssembly.swift */ = {isa = PBXFileReference; fileEncoding = 4; lastKnownFileType = sourcecode.swift; path = DataprovidersAssembly.swift; sourceTree = "<group>"; };
		B16D15EF1EE1A28E00731719 /* ManagersAssembly.swift */ = {isa = PBXFileReference; fileEncoding = 4; lastKnownFileType = sourcecode.swift; path = ManagersAssembly.swift; sourceTree = "<group>"; };
		B16D15F01EE1A28E00731719 /* ServicesAssembly.swift */ = {isa = PBXFileReference; fileEncoding = 4; lastKnownFileType = sourcecode.swift; path = ServicesAssembly.swift; sourceTree = "<group>"; };
		B16D15F11EE1A28E00731719 /* StoragesAssembly.swift */ = {isa = PBXFileReference; fileEncoding = 4; lastKnownFileType = sourcecode.swift; path = StoragesAssembly.swift; sourceTree = "<group>"; };
		B16D15F31EE1A28E00731719 /* AlertHelper.swift */ = {isa = PBXFileReference; fileEncoding = 4; lastKnownFileType = sourcecode.swift; path = AlertHelper.swift; sourceTree = "<group>"; };
		B16D15F41EE1A28E00731719 /* Extensions.swift */ = {isa = PBXFileReference; fileEncoding = 4; lastKnownFileType = sourcecode.swift; path = Extensions.swift; sourceTree = "<group>"; };
		B16D15F51EE1A28E00731719 /* LoaderHelper.swift */ = {isa = PBXFileReference; fileEncoding = 4; lastKnownFileType = sourcecode.swift; path = LoaderHelper.swift; sourceTree = "<group>"; };
		B16D15F71EE1A28E00731719 /* ApplicationRouter.swift */ = {isa = PBXFileReference; fileEncoding = 4; lastKnownFileType = sourcecode.swift; path = ApplicationRouter.swift; sourceTree = "<group>"; };
		B16D15F81EE1A28E00731719 /* DIManager.swift */ = {isa = PBXFileReference; fileEncoding = 4; lastKnownFileType = sourcecode.swift; path = DIManager.swift; sourceTree = "<group>"; };
		B16D15FC1EE1A28E00731719 /* WeatherNetworkModels.swift */ = {isa = PBXFileReference; fileEncoding = 4; lastKnownFileType = sourcecode.swift; path = WeatherNetworkModels.swift; sourceTree = "<group>"; };
		B16D15FE1EE1A28E00731719 /* ServiceResources.swift */ = {isa = PBXFileReference; fileEncoding = 4; lastKnownFileType = sourcecode.swift; path = ServiceResources.swift; sourceTree = "<group>"; };
		B16D16171EE1A99400731719 /* RecentSearchListTableViewController.swift */ = {isa = PBXFileReference; fileEncoding = 4; lastKnownFileType = sourcecode.swift; path = RecentSearchListTableViewController.swift; sourceTree = "<group>"; };
		B16D161C1EE1AEB600731719 /* Base */ = {isa = PBXFileReference; lastKnownFileType = file.storyboard; name = Base; path = Base.lproj/Main.storyboard; sourceTree = "<group>"; };
		B16D161E1EE1AF7300731719 /* ViewControllers.swift */ = {isa = PBXFileReference; fileEncoding = 4; lastKnownFileType = sourcecode.swift; path = ViewControllers.swift; sourceTree = "<group>"; };
		B19EAF781F06A48C0030B367 /* BWeatherTests.xctest */ = {isa = PBXFileReference; explicitFileType = wrapper.cfbundle; includeInIndex = 0; path = BWeatherTests.xctest; sourceTree = BUILT_PRODUCTS_DIR; };
		B19EAF7C1F06A48C0030B367 /* Info.plist */ = {isa = PBXFileReference; lastKnownFileType = text.plist.xml; path = Info.plist; sourceTree = "<group>"; };
		B19EAF821F06A6010030B367 /* NetworkTests.swift */ = {isa = PBXFileReference; fileEncoding = 4; lastKnownFileType = sourcecode.swift; path = NetworkTests.swift; sourceTree = "<group>"; };
		B19EAF861F06A69E0030B367 /* WeatherNetworkModelSampleData.json */ = {isa = PBXFileReference; fileEncoding = 4; lastKnownFileType = text.json; path = WeatherNetworkModelSampleData.json; sourceTree = "<group>"; };
		B19EAF8B1F07B8470030B367 /* DIManager.swift */ = {isa = PBXFileReference; fileEncoding = 4; lastKnownFileType = sourcecode.swift; path = DIManager.swift; sourceTree = "<group>"; };
		B19EAF8D1F07B9490030B367 /* StoragesAssembly.swift */ = {isa = PBXFileReference; fileEncoding = 4; lastKnownFileType = sourcecode.swift; path = StoragesAssembly.swift; sourceTree = "<group>"; };
		B19EAF8F1F07B9550030B367 /* ServicesAssembly.swift */ = {isa = PBXFileReference; fileEncoding = 4; lastKnownFileType = sourcecode.swift; path = ServicesAssembly.swift; sourceTree = "<group>"; };
		B19EAF911F07B9670030B367 /* DataprovidersAssembly.swift */ = {isa = PBXFileReference; fileEncoding = 4; lastKnownFileType = sourcecode.swift; path = DataprovidersAssembly.swift; sourceTree = "<group>"; };
		B19EAF9B1F07BEFC0030B367 /* NetworkParsingTests.swift */ = {isa = PBXFileReference; fileEncoding = 4; lastKnownFileType = sourcecode.swift; path = NetworkParsingTests.swift; sourceTree = "<group>"; };
		B19EAFA31F07E9000030B367 /* RecentTests.swift */ = {isa = PBXFileReference; fileEncoding = 4; lastKnownFileType = sourcecode.swift; path = RecentTests.swift; sourceTree = "<group>"; };
		B1F9AE591F09245F00D57C26 /* UtilTests.swift */ = {isa = PBXFileReference; fileEncoding = 4; lastKnownFileType = sourcecode.swift; path = UtilTests.swift; sourceTree = "<group>"; };
		B1F9AE5B1F0928B600D57C26 /* RecentSearchDataProviderTests.swift */ = {isa = PBXFileReference; fileEncoding = 4; lastKnownFileType = sourcecode.swift; path = RecentSearchDataProviderTests.swift; sourceTree = "<group>"; };
		B70F5518AFD219377CE7571B /* Pods-BWeather-BWeatherTests.canadarelease.xcconfig */ = {isa = PBXFileReference; includeInIndex = 1; lastKnownFileType = text.xcconfig; name = "Pods-BWeather-BWeatherTests.canadarelease.xcconfig"; path = "Pods/Target Support Files/Pods-BWeather-BWeatherTests/Pods-BWeather-BWeatherTests.canadarelease.xcconfig"; sourceTree = "<group>"; };
		B7B22FC0BFBB0F3CF045EEA9 /* Pods-BWeather-BWeatherTests.australiadebug.xcconfig */ = {isa = PBXFileReference; includeInIndex = 1; lastKnownFileType = text.xcconfig; name = "Pods-BWeather-BWeatherTests.australiadebug.xcconfig"; path = "Pods/Target Support Files/Pods-BWeather-BWeatherTests/Pods-BWeather-BWeatherTests.australiadebug.xcconfig"; sourceTree = "<group>"; };
		C7CBBDECF7C507CD8550F0AE /* Pods_BWeather_BWeatherTests.framework */ = {isa = PBXFileReference; explicitFileType = wrapper.framework; includeInIndex = 0; path = Pods_BWeather_BWeatherTests.framework; sourceTree = BUILT_PRODUCTS_DIR; };
		F419A2A11EFBB5DC00502B8B /* CLLocationManager+Rx.swift */ = {isa = PBXFileReference; fileEncoding = 4; lastKnownFileType = sourcecode.swift; path = "CLLocationManager+Rx.swift"; sourceTree = "<group>"; };
		F48FC5721EF7213800475E8F /* Assets.xcassets */ = {isa = PBXFileReference; lastKnownFileType = folder.assetcatalog; path = Assets.xcassets; sourceTree = "<group>"; };
		F725EACC7B39C7E8E71442A2 /* Pods-BWeather.debug.xcconfig */ = {isa = PBXFileReference; includeInIndex = 1; lastKnownFileType = text.xcconfig; name = "Pods-BWeather.debug.xcconfig"; path = "Pods/Target Support Files/Pods-BWeather/Pods-BWeather.debug.xcconfig"; sourceTree = "<group>"; };
/* End PBXFileReference section */

/* Begin PBXFrameworksBuildPhase section */
		B16D15D41EE1A11E00731719 /* Frameworks */ = {
			isa = PBXFrameworksBuildPhase;
			buildActionMask = 2147483647;
			files = (
				B28CE985E0EAE584F9C2D6FC /* Pods_BWeather.framework in Frameworks */,
			);
			runOnlyForDeploymentPostprocessing = 0;
		};
		B19EAF751F06A48C0030B367 /* Frameworks */ = {
			isa = PBXFrameworksBuildPhase;
			buildActionMask = 2147483647;
			files = (
				493BBCC7CD55AC2043BA94AF /* Pods_BWeather_BWeatherTests.framework in Frameworks */,
			);
			runOnlyForDeploymentPostprocessing = 0;
		};
/* End PBXFrameworksBuildPhase section */

/* Begin PBXGroup section */
		38EA79F400210D884B79243A /* Pods */ = {
			isa = PBXGroup;
			children = (
				F725EACC7B39C7E8E71442A2 /* Pods-BWeather.debug.xcconfig */,
				587A7C8CFDAB0FE4BE71756B /* Pods-BWeather.release.xcconfig */,
				AA92B0E605B46BCBB1D320F9 /* Pods-BWeather-BWeatherTests.debug.xcconfig */,
				A845FB431A73DF4ACA97681D /* Pods-BWeather-BWeatherTests.release.xcconfig */,
				6342CCE56FB74B93BCF20D6E /* Pods-BWeather.australiadebug.xcconfig */,
				34838F659F5E091F8CB2D34A /* Pods-BWeather.australiarelease.xcconfig */,
				6EB7619FAB57717FF25CD0E4 /* Pods-BWeather.canadadebug.xcconfig */,
				1EB787551CDA8FC8056175E5 /* Pods-BWeather.canadarelease.xcconfig */,
				B7B22FC0BFBB0F3CF045EEA9 /* Pods-BWeather-BWeatherTests.australiadebug.xcconfig */,
				6D0993507DCA29F4342EB887 /* Pods-BWeather-BWeatherTests.australiarelease.xcconfig */,
				A62540DC3A0C6985B881E32F /* Pods-BWeather-BWeatherTests.canadadebug.xcconfig */,
				B70F5518AFD219377CE7571B /* Pods-BWeather-BWeatherTests.canadarelease.xcconfig */,
			);
			name = Pods;
			sourceTree = "<group>";
		};
		3AD6C863339BF6A07B2EB342 /* Frameworks */ = {
			isa = PBXGroup;
			children = (
				7977F2053297F80832CD470C /* Pods_BWeather.framework */,
				C7CBBDECF7C507CD8550F0AE /* Pods_BWeather_BWeatherTests.framework */,
			);
			name = Frameworks;
			sourceTree = "<group>";
		};
		B13A2B301EE586FA00A628A8 /* Weather */ = {
			isa = PBXGroup;
			children = (
				B13A2B2E1EE5867800A628A8 /* WeatherServices.swift */,
				B13A2B311EE5870C00A628A8 /* WeatherEndpoints.swift */,
			);
			name = Weather;
			sourceTree = "<group>";
		};
		B13A2B351EE5EDEC00A628A8 /* Storages */ = {
			isa = PBXGroup;
			children = (
				B13A2B361EE5EDFA00A628A8 /* RecentSearchStorage.swift */,
				B13A2B3E1EF3D00B00A628A8 /* RecentSearchModel.swift */,
			);
			path = Storages;
			sourceTree = "<group>";
		};
		B16D15CE1EE1A11E00731719 = {
			isa = PBXGroup;
			children = (
				B16D15D91EE1A11E00731719 /* BWeather */,
				B19EAF791F06A48C0030B367 /* BWeatherTests */,
				B16D15D81EE1A11E00731719 /* Products */,
				38EA79F400210D884B79243A /* Pods */,
				3AD6C863339BF6A07B2EB342 /* Frameworks */,
			);
			sourceTree = "<group>";
		};
		B16D15D81EE1A11E00731719 /* Products */ = {
			isa = PBXGroup;
			children = (
				B16D15D71EE1A11E00731719 /* BWeather.app */,
				B19EAF781F06A48C0030B367 /* BWeatherTests.xctest */,
			);
			name = Products;
			sourceTree = "<group>";
		};
		B16D15D91EE1A11E00731719 /* BWeather */ = {
			isa = PBXGroup;
			children = (
				B16D15EC1EE1A28E00731719 /* Dependency Injection */,
				B13A2B351EE5EDEC00A628A8 /* Storages */,
				B16D15F21EE1A28E00731719 /* Helpers */,
				B16D15F61EE1A28E00731719 /* Managers */,
				B16D15FA1EE1A28E00731719 /* Networking */,
				B16D16001EE1A28E00731719 /* UI */,
				B16D15DA1EE1A11E00731719 /* AppDelegate.swift */,
				B16D15E31EE1A11E00731719 /* LaunchScreen.storyboard */,
				F48FC5721EF7213800475E8F /* Assets.xcassets */,
				B16D161B1EE1AEB600731719 /* Main.storyboard */,
				B16D15E61EE1A11E00731719 /* Info.plist */,
				B13A2B2C1EE5562800A628A8 /* Localizable.strings */,
			);
			path = BWeather;
			sourceTree = "<group>";
		};
		B16D15EC1EE1A28E00731719 /* Dependency Injection */ = {
			isa = PBXGroup;
			children = (
				B16D15ED1EE1A28E00731719 /* ApplicationAssembly.swift */,
				B16D15EE1EE1A28E00731719 /* DataprovidersAssembly.swift */,
				B16D15EF1EE1A28E00731719 /* ManagersAssembly.swift */,
				B16D15F01EE1A28E00731719 /* ServicesAssembly.swift */,
				B16D15F11EE1A28E00731719 /* StoragesAssembly.swift */,
			);
			path = "Dependency Injection";
			sourceTree = "<group>";
		};
		B16D15F21EE1A28E00731719 /* Helpers */ = {
			isa = PBXGroup;
			children = (
				B16D15F31EE1A28E00731719 /* AlertHelper.swift */,
				B16D15F41EE1A28E00731719 /* Extensions.swift */,
				B16D15F51EE1A28E00731719 /* LoaderHelper.swift */,
			);
			path = Helpers;
			sourceTree = "<group>";
		};
		B16D15F61EE1A28E00731719 /* Managers */ = {
			isa = PBXGroup;
			children = (
				F419A2A11EFBB5DC00502B8B /* CLLocationManager+Rx.swift */,
				B16D15F71EE1A28E00731719 /* ApplicationRouter.swift */,
				B16D15F81EE1A28E00731719 /* DIManager.swift */,
			);
			path = Managers;
			sourceTree = "<group>";
		};
		B16D15FA1EE1A28E00731719 /* Networking */ = {
			isa = PBXGroup;
			children = (
				B16D15FB1EE1A28E00731719 /* Models */,
				B16D15FD1EE1A28E00731719 /* Services */,
			);
			path = Networking;
			sourceTree = "<group>";
		};
		B16D15FB1EE1A28E00731719 /* Models */ = {
			isa = PBXGroup;
			children = (
				B16D15FC1EE1A28E00731719 /* WeatherNetworkModels.swift */,
			);
			path = Models;
			sourceTree = "<group>";
		};
		B16D15FD1EE1A28E00731719 /* Services */ = {
			isa = PBXGroup;
			children = (
				B13A2B301EE586FA00A628A8 /* Weather */,
				B16D15FE1EE1A28E00731719 /* ServiceResources.swift */,
			);
			path = Services;
			sourceTree = "<group>";
		};
		B16D16001EE1A28E00731719 /* UI */ = {
			isa = PBXGroup;
			children = (
				B16D16021EE1A28E00731719 /* Dataprovider */,
				B16D16031EE1A28E00731719 /* Storyboards */,
				B16D16061EE1A28E00731719 /* TableViewCells */,
				B16D16071EE1A28E00731719 /* ViewControllers */,
				B16D161E1EE1AF7300731719 /* ViewControllers.swift */,
			);
			path = UI;
			sourceTree = "<group>";
		};
		B16D16021EE1A28E00731719 /* Dataprovider */ = {
			isa = PBXGroup;
			children = (
				B13A2B331EE5ECEB00A628A8 /* RecentSearchListDataProvider.swift */,
				B13A2B3A1EE6014E00A628A8 /* SearchDataProvider.swift */,
			);
			path = Dataprovider;
			sourceTree = "<group>";
		};
		B16D16031EE1A28E00731719 /* Storyboards */ = {
			isa = PBXGroup;
			children = (
			);
			path = Storyboards;
			sourceTree = "<group>";
		};
		B16D16061EE1A28E00731719 /* TableViewCells */ = {
			isa = PBXGroup;
			children = (
			);
			path = TableViewCells;
			sourceTree = "<group>";
		};
		B16D16071EE1A28E00731719 /* ViewControllers */ = {
			isa = PBXGroup;
			children = (
				B16D16171EE1A99400731719 /* RecentSearchListTableViewController.swift */,
				B13A2B381EE5FC2A00A628A8 /* SearchViewController.swift */,
				B13A2B3C1EEB03FB00A628A8 /* CountryPickerViewController.swift */,
			);
			path = ViewControllers;
			sourceTree = "<group>";
		};
		B19EAF791F06A48C0030B367 /* BWeatherTests */ = {
			isa = PBXGroup;
			children = (
				B19EAF8A1F07B75E0030B367 /* Dependency Injection */,
				B19EAF851F06A68B0030B367 /* Resources */,
				B19EAF7C1F06A48C0030B367 /* Info.plist */,
				B19EAF821F06A6010030B367 /* NetworkTests.swift */,
				B19EAF9B1F07BEFC0030B367 /* NetworkParsingTests.swift */,
				B19EAFA31F07E9000030B367 /* RecentTests.swift */,
				B1F9AE591F09245F00D57C26 /* UtilTests.swift */,
				B1F9AE5B1F0928B600D57C26 /* RecentSearchDataProviderTests.swift */,
			);
			path = BWeatherTests;
			sourceTree = "<group>";
		};
		B19EAF851F06A68B0030B367 /* Resources */ = {
			isa = PBXGroup;
			children = (
				B19EAF861F06A69E0030B367 /* WeatherNetworkModelSampleData.json */,
			);
			path = Resources;
			sourceTree = "<group>";
		};
		B19EAF8A1F07B75E0030B367 /* Dependency Injection */ = {
			isa = PBXGroup;
			children = (
				B19EAF8B1F07B8470030B367 /* DIManager.swift */,
				B19EAF8D1F07B9490030B367 /* StoragesAssembly.swift */,
				B19EAF8F1F07B9550030B367 /* ServicesAssembly.swift */,
				B19EAF911F07B9670030B367 /* DataprovidersAssembly.swift */,
			);
			path = "Dependency Injection";
			sourceTree = "<group>";
		};
/* End PBXGroup section */

/* Begin PBXNativeTarget section */
		B16D15D61EE1A11E00731719 /* BWeather */ = {
			isa = PBXNativeTarget;
			buildConfigurationList = B16D15E91EE1A11E00731719 /* Build configuration list for PBXNativeTarget "BWeather" */;
			buildPhases = (
				0B2D445CF7EF6E3935242F7D /* [CP] Check Pods Manifest.lock */,
				B16D15D31EE1A11E00731719 /* Sources */,
				B16D15D41EE1A11E00731719 /* Frameworks */,
				B16D15D51EE1A11E00731719 /* Resources */,
				9BEC44AE1F181628836D4D9D /* [CP] Embed Pods Frameworks */,
				00DDB97C83746EE2A3A020B6 /* [CP] Copy Pods Resources */,
			);
			buildRules = (
			);
			dependencies = (
			);
			name = BWeather;
			productName = BWeather;
			productReference = B16D15D71EE1A11E00731719 /* BWeather.app */;
			productType = "com.apple.product-type.application";
		};
		B19EAF771F06A48C0030B367 /* BWeatherTests */ = {
			isa = PBXNativeTarget;
			buildConfigurationList = B19EAF7F1F06A48C0030B367 /* Build configuration list for PBXNativeTarget "BWeatherTests" */;
			buildPhases = (
				855F65C73D67AD35F94DEDAB /* [CP] Check Pods Manifest.lock */,
				B19EAF741F06A48C0030B367 /* Sources */,
				B19EAF751F06A48C0030B367 /* Frameworks */,
				B19EAF761F06A48C0030B367 /* Resources */,
				BAABBA5525E09E6884FB404D /* [CP] Embed Pods Frameworks */,
				EA4F1B7C49F7E67E158A1E48 /* [CP] Copy Pods Resources */,
			);
			buildRules = (
			);
			dependencies = (
				B19EAF7E1F06A48C0030B367 /* PBXTargetDependency */,
			);
			name = BWeatherTests;
			productName = BWeatherTests;
			productReference = B19EAF781F06A48C0030B367 /* BWeatherTests.xctest */;
			productType = "com.apple.product-type.bundle.unit-test";
		};
/* End PBXNativeTarget section */

/* Begin PBXProject section */
		B16D15CF1EE1A11E00731719 /* Project object */ = {
			isa = PBXProject;
			attributes = {
				LastSwiftUpdateCheck = 0810;
				LastUpgradeCheck = 0810;
				ORGANIZATIONNAME = "Bence Pattogato";
				TargetAttributes = {
					B16D15D61EE1A11E00731719 = {
						CreatedOnToolsVersion = 8.1;
						DevelopmentTeam = 837W344MF8;
						ProvisioningStyle = Automatic;
					};
					B19EAF771F06A48C0030B367 = {
						CreatedOnToolsVersion = 8.1;
						DevelopmentTeam = 837W344MF8;
						LastSwiftMigration = 0810;
						ProvisioningStyle = Automatic;
						TestTargetID = B16D15D61EE1A11E00731719;
					};
				};
			};
			buildConfigurationList = B16D15D21EE1A11E00731719 /* Build configuration list for PBXProject "BWeather" */;
			compatibilityVersion = "Xcode 3.2";
			developmentRegion = English;
			hasScannedForEncodings = 0;
			knownRegions = (
				en,
				Base,
			);
			mainGroup = B16D15CE1EE1A11E00731719;
			productRefGroup = B16D15D81EE1A11E00731719 /* Products */;
			projectDirPath = "";
			projectRoot = "";
			targets = (
				B16D15D61EE1A11E00731719 /* BWeather */,
				B19EAF771F06A48C0030B367 /* BWeatherTests */,
			);
		};
/* End PBXProject section */

/* Begin PBXResourcesBuildPhase section */
		B16D15D51EE1A11E00731719 /* Resources */ = {
			isa = PBXResourcesBuildPhase;
			buildActionMask = 2147483647;
			files = (
				B16D161D1EE1AEB600731719 /* Main.storyboard in Resources */,
				B13A2B2D1EE5562800A628A8 /* Localizable.strings in Resources */,
				F48FC5731EF7213800475E8F /* Assets.xcassets in Resources */,
				B16D15E51EE1A11E00731719 /* LaunchScreen.storyboard in Resources */,
			);
			runOnlyForDeploymentPostprocessing = 0;
		};
		B19EAF761F06A48C0030B367 /* Resources */ = {
			isa = PBXResourcesBuildPhase;
			buildActionMask = 2147483647;
			files = (
				B19EAF871F06A69E0030B367 /* WeatherNetworkModelSampleData.json in Resources */,
			);
			runOnlyForDeploymentPostprocessing = 0;
		};
/* End PBXResourcesBuildPhase section */

/* Begin PBXShellScriptBuildPhase section */
		00DDB97C83746EE2A3A020B6 /* [CP] Copy Pods Resources */ = {
			isa = PBXShellScriptBuildPhase;
			buildActionMask = 2147483647;
			files = (
			);
			inputPaths = (
			);
			name = "[CP] Copy Pods Resources";
			outputPaths = (
			);
			runOnlyForDeploymentPostprocessing = 0;
			shellPath = /bin/sh;
			shellScript = "\"${SRCROOT}/Pods/Target Support Files/Pods-BWeather/Pods-BWeather-resources.sh\"\n";
			showEnvVarsInLog = 0;
		};
		0B2D445CF7EF6E3935242F7D /* [CP] Check Pods Manifest.lock */ = {
			isa = PBXShellScriptBuildPhase;
			buildActionMask = 2147483647;
			files = (
			);
			inputPaths = (
			);
			name = "[CP] Check Pods Manifest.lock";
			outputPaths = (
			);
			runOnlyForDeploymentPostprocessing = 0;
			shellPath = /bin/sh;
			shellScript = "diff \"${PODS_PODFILE_DIR_PATH}/Podfile.lock\" \"${PODS_ROOT}/Manifest.lock\" > /dev/null\nif [ $? != 0 ] ; then\n    # print error to STDERR\n    echo \"error: The sandbox is not in sync with the Podfile.lock. Run 'pod install' or update your CocoaPods installation.\" >&2\n    exit 1\nfi\n";
			showEnvVarsInLog = 0;
		};
		855F65C73D67AD35F94DEDAB /* [CP] Check Pods Manifest.lock */ = {
			isa = PBXShellScriptBuildPhase;
			buildActionMask = 2147483647;
			files = (
			);
			inputPaths = (
			);
			name = "[CP] Check Pods Manifest.lock";
			outputPaths = (
			);
			runOnlyForDeploymentPostprocessing = 0;
			shellPath = /bin/sh;
			shellScript = "diff \"${PODS_PODFILE_DIR_PATH}/Podfile.lock\" \"${PODS_ROOT}/Manifest.lock\" > /dev/null\nif [ $? != 0 ] ; then\n    # print error to STDERR\n    echo \"error: The sandbox is not in sync with the Podfile.lock. Run 'pod install' or update your CocoaPods installation.\" >&2\n    exit 1\nfi\n";
			showEnvVarsInLog = 0;
		};
		9BEC44AE1F181628836D4D9D /* [CP] Embed Pods Frameworks */ = {
			isa = PBXShellScriptBuildPhase;
			buildActionMask = 2147483647;
			files = (
			);
			inputPaths = (
			);
			name = "[CP] Embed Pods Frameworks";
			outputPaths = (
			);
			runOnlyForDeploymentPostprocessing = 0;
			shellPath = /bin/sh;
			shellScript = "\"${SRCROOT}/Pods/Target Support Files/Pods-BWeather/Pods-BWeather-frameworks.sh\"\n";
			showEnvVarsInLog = 0;
		};
		BAABBA5525E09E6884FB404D /* [CP] Embed Pods Frameworks */ = {
			isa = PBXShellScriptBuildPhase;
			buildActionMask = 2147483647;
			files = (
			);
			inputPaths = (
			);
			name = "[CP] Embed Pods Frameworks";
			outputPaths = (
			);
			runOnlyForDeploymentPostprocessing = 0;
			shellPath = /bin/sh;
			shellScript = "\"${SRCROOT}/Pods/Target Support Files/Pods-BWeather-BWeatherTests/Pods-BWeather-BWeatherTests-frameworks.sh\"\n";
			showEnvVarsInLog = 0;
		};
		EA4F1B7C49F7E67E158A1E48 /* [CP] Copy Pods Resources */ = {
			isa = PBXShellScriptBuildPhase;
			buildActionMask = 2147483647;
			files = (
			);
			inputPaths = (
			);
			name = "[CP] Copy Pods Resources";
			outputPaths = (
			);
			runOnlyForDeploymentPostprocessing = 0;
			shellPath = /bin/sh;
			shellScript = "\"${SRCROOT}/Pods/Target Support Files/Pods-BWeather-BWeatherTests/Pods-BWeather-BWeatherTests-resources.sh\"\n";
			showEnvVarsInLog = 0;
		};
/* End PBXShellScriptBuildPhase section */

/* Begin PBXSourcesBuildPhase section */
		B16D15D31EE1A11E00731719 /* Sources */ = {
			isa = PBXSourcesBuildPhase;
			buildActionMask = 2147483647;
			files = (
				B16D161F1EE1AF7300731719 /* ViewControllers.swift in Sources */,
				B16D160E1EE1A28E00731719 /* Extensions.swift in Sources */,
				B16D16101EE1A28E00731719 /* ApplicationRouter.swift in Sources */,
				B16D16141EE1A28E00731719 /* ServiceResources.swift in Sources */,
				B16D160C1EE1A28E00731719 /* StoragesAssembly.swift in Sources */,
				B16D160B1EE1A28E00731719 /* ServicesAssembly.swift in Sources */,
				B16D160F1EE1A28E00731719 /* LoaderHelper.swift in Sources */,
				B13A2B371EE5EDFA00A628A8 /* RecentSearchStorage.swift in Sources */,
				B16D16081EE1A28E00731719 /* ApplicationAssembly.swift in Sources */,
				B16D160D1EE1A28E00731719 /* AlertHelper.swift in Sources */,
				B16D16091EE1A28E00731719 /* DataprovidersAssembly.swift in Sources */,
				B16D16131EE1A28E00731719 /* WeatherNetworkModels.swift in Sources */,
				B13A2B391EE5FC2A00A628A8 /* SearchViewController.swift in Sources */,
				B13A2B3D1EEB03FB00A628A8 /* CountryPickerViewController.swift in Sources */,
				B13A2B341EE5ECEB00A628A8 /* RecentSearchListDataProvider.swift in Sources */,
				B16D15DB1EE1A11E00731719 /* AppDelegate.swift in Sources */,
				B13A2B2F1EE5867800A628A8 /* WeatherServices.swift in Sources */,
				B13A2B3F1EF3D00B00A628A8 /* RecentSearchModel.swift in Sources */,
				B16D16181EE1A99400731719 /* RecentSearchListTableViewController.swift in Sources */,
				B16D16111EE1A28E00731719 /* DIManager.swift in Sources */,
				B13A2B321EE5870C00A628A8 /* WeatherEndpoints.swift in Sources */,
				F419A2A21EFBB5DC00502B8B /* CLLocationManager+Rx.swift in Sources */,
				B13A2B3B1EE6014E00A628A8 /* SearchDataProvider.swift in Sources */,
				B16D160A1EE1A28E00731719 /* ManagersAssembly.swift in Sources */,
			);
			runOnlyForDeploymentPostprocessing = 0;
		};
		B19EAF741F06A48C0030B367 /* Sources */ = {
			isa = PBXSourcesBuildPhase;
			buildActionMask = 2147483647;
			files = (
				B19EAF9E1F07C1BC0030B367 /* ViewControllers.swift in Sources */,
				B19EAF951F07BAEB0030B367 /* RecentSearchStorage.swift in Sources */,
				B19EAF891F06AE0A0030B367 /* WeatherServices.swift in Sources */,
				B1F9AE5A1F09245F00D57C26 /* UtilTests.swift in Sources */,
				B19EAF9F1F07C1CA0030B367 /* ServiceResources.swift in Sources */,
				B19EAF901F07B9550030B367 /* ServicesAssembly.swift in Sources */,
				B19EAF961F07BC370030B367 /* RecentSearchListDataProvider.swift in Sources */,
				B19EAF9D1F07C1AE0030B367 /* WeatherEndpoints.swift in Sources */,
				B19EAF8E1F07B9490030B367 /* StoragesAssembly.swift in Sources */,
				B19EAF831F06A6010030B367 /* NetworkTests.swift in Sources */,
				B19EAF8C1F07B8470030B367 /* DIManager.swift in Sources */,
				B19EAF981F07BD9D0030B367 /* ApplicationRouter.swift in Sources */,
				B19EAFA01F07C2430030B367 /* Extensions.swift in Sources */,
				B19EAF971F07BC370030B367 /* SearchDataProvider.swift in Sources */,
				B1F9AE5C1F0928B600D57C26 /* RecentSearchDataProviderTests.swift in Sources */,
				B19EAF9C1F07BEFC0030B367 /* NetworkParsingTests.swift in Sources */,
				B19EAFA11F07C25B0030B367 /* RecentSearchModel.swift in Sources */,
				B19EAFA21F07C26B0030B367 /* CLLocationManager+Rx.swift in Sources */,
				B19EAF881F06A7080030B367 /* WeatherNetworkModels.swift in Sources */,
				B19EAF921F07B9670030B367 /* DataprovidersAssembly.swift in Sources */,
				B19EAFA41F07E9000030B367 /* RecentTests.swift in Sources */,
			);
			runOnlyForDeploymentPostprocessing = 0;
		};
/* End PBXSourcesBuildPhase section */

/* Begin PBXTargetDependency section */
		B19EAF7E1F06A48C0030B367 /* PBXTargetDependency */ = {
			isa = PBXTargetDependency;
			target = B16D15D61EE1A11E00731719 /* BWeather */;
			targetProxy = B19EAF7D1F06A48C0030B367 /* PBXContainerItemProxy */;
		};
/* End PBXTargetDependency section */

/* Begin PBXVariantGroup section */
		B16D15E31EE1A11E00731719 /* LaunchScreen.storyboard */ = {
			isa = PBXVariantGroup;
			children = (
				B16D15E41EE1A11E00731719 /* Base */,
			);
			name = LaunchScreen.storyboard;
			sourceTree = "<group>";
		};
		B16D161B1EE1AEB600731719 /* Main.storyboard */ = {
			isa = PBXVariantGroup;
			children = (
				B16D161C1EE1AEB600731719 /* Base */,
			);
			name = Main.storyboard;
			sourceTree = "<group>";
		};
/* End PBXVariantGroup section */

/* Begin XCBuildConfiguration section */
		B10E580A1F094390005CFFE1 /* CanadaDebug */ = {
			isa = XCBuildConfiguration;
			buildSettings = {
				ALWAYS_SEARCH_USER_PATHS = NO;
				BUNDLE_DISPLAY_NAME = "My Eh Weather_DEV";
				CLANG_ANALYZER_NONNULL = YES;
				CLANG_CXX_LANGUAGE_STANDARD = "gnu++0x";
				CLANG_CXX_LIBRARY = "libc++";
				CLANG_ENABLE_MODULES = YES;
				CLANG_ENABLE_OBJC_ARC = YES;
				CLANG_WARN_BOOL_CONVERSION = YES;
				CLANG_WARN_CONSTANT_CONVERSION = YES;
				CLANG_WARN_DIRECT_OBJC_ISA_USAGE = YES_ERROR;
				CLANG_WARN_DOCUMENTATION_COMMENTS = YES;
				CLANG_WARN_EMPTY_BODY = YES;
				CLANG_WARN_ENUM_CONVERSION = YES;
				CLANG_WARN_INFINITE_RECURSION = YES;
				CLANG_WARN_INT_CONVERSION = YES;
				CLANG_WARN_OBJC_ROOT_CLASS = YES_ERROR;
				CLANG_WARN_SUSPICIOUS_MOVES = YES;
				CLANG_WARN_UNREACHABLE_CODE = YES;
				CLANG_WARN__DUPLICATE_METHOD_MATCH = YES;
				"CODE_SIGN_IDENTITY[sdk=iphoneos*]" = "iPhone Developer";
				COLOR_SCHEMA = "#D72120";
				COPY_PHASE_STRIP = NO;
				DEBUG_INFORMATION_FORMAT = "dwarf-with-dsym";
				ENABLE_NS_ASSERTIONS = NO;
				ENABLE_STRICT_OBJC_MSGSEND = YES;
				GCC_C_LANGUAGE_STANDARD = gnu99;
				GCC_NO_COMMON_BLOCKS = YES;
				GCC_WARN_64_TO_32_BIT_CONVERSION = YES;
				GCC_WARN_ABOUT_RETURN_TYPE = YES_ERROR;
				GCC_WARN_UNDECLARED_SELECTOR = YES;
				GCC_WARN_UNINITIALIZED_AUTOS = YES_AGGRESSIVE;
				GCC_WARN_UNUSED_FUNCTION = YES;
				GCC_WARN_UNUSED_VARIABLE = YES;
				IPHONEOS_DEPLOYMENT_TARGET = 10.1;
				MTL_ENABLE_DEBUG_INFO = NO;
				SDKROOT = iphoneos;
				SWIFT_OPTIMIZATION_LEVEL = "-Owholemodule";
				VALIDATE_PRODUCT = YES;
			};
			name = CanadaDebug;
		};
		B10E580B1F094390005CFFE1 /* CanadaDebug */ = {
			isa = XCBuildConfiguration;
			baseConfigurationReference = 6EB7619FAB57717FF25CD0E4 /* Pods-BWeather.canadadebug.xcconfig */;
			buildSettings = {
				ASSETCATALOG_COMPILER_APPICON_NAME = AppIcon;
				DEVELOPMENT_TEAM = 837W344MF8;
				INFOPLIST_FILE = BWeather/Info.plist;
				IPHONEOS_DEPLOYMENT_TARGET = 10.1;
				LD_RUNPATH_SEARCH_PATHS = "$(inherited) @executable_path/Frameworks";
				PRODUCT_BUNDLE_IDENTIFIER = hu.bence.BWeather;
				PRODUCT_NAME = "$(TARGET_NAME)";
				SWIFT_VERSION = 3.0;
			};
			name = CanadaDebug;
		};
		B10E580C1F094390005CFFE1 /* CanadaDebug */ = {
			isa = XCBuildConfiguration;
			baseConfigurationReference = A62540DC3A0C6985B881E32F /* Pods-BWeather-BWeatherTests.canadadebug.xcconfig */;
			buildSettings = {
				BUNDLE_LOADER = "$(TEST_HOST)";
				CLANG_ENABLE_MODULES = YES;
				DEVELOPMENT_TEAM = 837W344MF8;
				INFOPLIST_FILE = BWeatherTests/Info.plist;
				LD_RUNPATH_SEARCH_PATHS = "$(inherited) @executable_path/Frameworks @loader_path/Frameworks";
				PRODUCT_BUNDLE_IDENTIFIER = hu.bence.BWeatherTests;
				PRODUCT_NAME = "$(TARGET_NAME)";
				SWIFT_VERSION = 3.0;
				TEST_HOST = "$(BUILT_PRODUCTS_DIR)/BWeather.app/BWeather";
			};
			name = CanadaDebug;
		};
		B10E580D1F09439C005CFFE1 /* CanadaRelease */ = {
			isa = XCBuildConfiguration;
			buildSettings = {
				ALWAYS_SEARCH_USER_PATHS = NO;
				BUNDLE_DISPLAY_NAME = "My Eh Weather";
				CLANG_ANALYZER_NONNULL = YES;
				CLANG_CXX_LANGUAGE_STANDARD = "gnu++0x";
				CLANG_CXX_LIBRARY = "libc++";
				CLANG_ENABLE_MODULES = YES;
				CLANG_ENABLE_OBJC_ARC = YES;
				CLANG_WARN_BOOL_CONVERSION = YES;
				CLANG_WARN_CONSTANT_CONVERSION = YES;
				CLANG_WARN_DIRECT_OBJC_ISA_USAGE = YES_ERROR;
				CLANG_WARN_DOCUMENTATION_COMMENTS = YES;
				CLANG_WARN_EMPTY_BODY = YES;
				CLANG_WARN_ENUM_CONVERSION = YES;
				CLANG_WARN_INFINITE_RECURSION = YES;
				CLANG_WARN_INT_CONVERSION = YES;
				CLANG_WARN_OBJC_ROOT_CLASS = YES_ERROR;
				CLANG_WARN_SUSPICIOUS_MOVES = YES;
				CLANG_WARN_UNREACHABLE_CODE = YES;
				CLANG_WARN__DUPLICATE_METHOD_MATCH = YES;
				"CODE_SIGN_IDENTITY[sdk=iphoneos*]" = "iPhone Developer";
				COLOR_SCHEMA = "#D72120";
				COPY_PHASE_STRIP = NO;
				DEBUG_INFORMATION_FORMAT = "dwarf-with-dsym";
				ENABLE_NS_ASSERTIONS = NO;
				ENABLE_STRICT_OBJC_MSGSEND = YES;
				GCC_C_LANGUAGE_STANDARD = gnu99;
				GCC_NO_COMMON_BLOCKS = YES;
				GCC_WARN_64_TO_32_BIT_CONVERSION = YES;
				GCC_WARN_ABOUT_RETURN_TYPE = YES_ERROR;
				GCC_WARN_UNDECLARED_SELECTOR = YES;
				GCC_WARN_UNINITIALIZED_AUTOS = YES_AGGRESSIVE;
				GCC_WARN_UNUSED_FUNCTION = YES;
				GCC_WARN_UNUSED_VARIABLE = YES;
				IPHONEOS_DEPLOYMENT_TARGET = 10.1;
				MTL_ENABLE_DEBUG_INFO = NO;
				SDKROOT = iphoneos;
				SWIFT_OPTIMIZATION_LEVEL = "-Owholemodule";
				VALIDATE_PRODUCT = YES;
			};
			name = CanadaRelease;
		};
		B10E580E1F09439C005CFFE1 /* CanadaRelease */ = {
			isa = XCBuildConfiguration;
			baseConfigurationReference = 1EB787551CDA8FC8056175E5 /* Pods-BWeather.canadarelease.xcconfig */;
			buildSettings = {
				ASSETCATALOG_COMPILER_APPICON_NAME = AppIcon;
				DEVELOPMENT_TEAM = 837W344MF8;
				INFOPLIST_FILE = BWeather/Info.plist;
				IPHONEOS_DEPLOYMENT_TARGET = 10.1;
				LD_RUNPATH_SEARCH_PATHS = "$(inherited) @executable_path/Frameworks";
				PRODUCT_BUNDLE_IDENTIFIER = hu.bence.BWeather;
				PRODUCT_NAME = "$(TARGET_NAME)";
				SWIFT_VERSION = 3.0;
			};
			name = CanadaRelease;
		};
		B10E580F1F09439C005CFFE1 /* CanadaRelease */ = {
			isa = XCBuildConfiguration;
			baseConfigurationReference = B70F5518AFD219377CE7571B /* Pods-BWeather-BWeatherTests.canadarelease.xcconfig */;
			buildSettings = {
				BUNDLE_LOADER = "$(TEST_HOST)";
				CLANG_ENABLE_MODULES = YES;
				DEVELOPMENT_TEAM = 837W344MF8;
				INFOPLIST_FILE = BWeatherTests/Info.plist;
				LD_RUNPATH_SEARCH_PATHS = "$(inherited) @executable_path/Frameworks @loader_path/Frameworks";
				PRODUCT_BUNDLE_IDENTIFIER = hu.bence.BWeatherTests;
				PRODUCT_NAME = "$(TARGET_NAME)";
				SWIFT_VERSION = 3.0;
				TEST_HOST = "$(BUILT_PRODUCTS_DIR)/BWeather.app/BWeather";
			};
			name = CanadaRelease;
		};
		B16D15E71EE1A11E00731719 /* AustraliaDebug */ = {
			isa = XCBuildConfiguration;
			buildSettings = {
				ALWAYS_SEARCH_USER_PATHS = NO;
				BUNDLE_DISPLAY_NAME = "My Aussie Weather_DEV";
				CLANG_ANALYZER_NONNULL = YES;
				CLANG_CXX_LANGUAGE_STANDARD = "gnu++0x";
				CLANG_CXX_LIBRARY = "libc++";
				CLANG_ENABLE_MODULES = YES;
				CLANG_ENABLE_OBJC_ARC = YES;
				CLANG_WARN_BOOL_CONVERSION = YES;
				CLANG_WARN_CONSTANT_CONVERSION = YES;
				CLANG_WARN_DIRECT_OBJC_ISA_USAGE = YES_ERROR;
				CLANG_WARN_DOCUMENTATION_COMMENTS = YES;
				CLANG_WARN_EMPTY_BODY = YES;
				CLANG_WARN_ENUM_CONVERSION = YES;
				CLANG_WARN_INFINITE_RECURSION = YES;
				CLANG_WARN_INT_CONVERSION = YES;
				CLANG_WARN_OBJC_ROOT_CLASS = YES_ERROR;
				CLANG_WARN_SUSPICIOUS_MOVES = YES;
				CLANG_WARN_UNREACHABLE_CODE = YES;
				CLANG_WARN__DUPLICATE_METHOD_MATCH = YES;
				"CODE_SIGN_IDENTITY[sdk=iphoneos*]" = "iPhone Developer";
				COLOR_SCHEMA = "#030E88";
				COPY_PHASE_STRIP = NO;
				DEBUG_INFORMATION_FORMAT = dwarf;
				ENABLE_STRICT_OBJC_MSGSEND = YES;
				ENABLE_TESTABILITY = YES;
				GCC_C_LANGUAGE_STANDARD = gnu99;
				GCC_DYNAMIC_NO_PIC = NO;
				GCC_NO_COMMON_BLOCKS = YES;
				GCC_OPTIMIZATION_LEVEL = 0;
				GCC_PREPROCESSOR_DEFINITIONS = (
					"DEBUG=1",
					"$(inherited)",
				);
				GCC_WARN_64_TO_32_BIT_CONVERSION = YES;
				GCC_WARN_ABOUT_RETURN_TYPE = YES_ERROR;
				GCC_WARN_UNDECLARED_SELECTOR = YES;
				GCC_WARN_UNINITIALIZED_AUTOS = YES_AGGRESSIVE;
				GCC_WARN_UNUSED_FUNCTION = YES;
				GCC_WARN_UNUSED_VARIABLE = YES;
				IPHONEOS_DEPLOYMENT_TARGET = 10.1;
				MTL_ENABLE_DEBUG_INFO = YES;
				ONLY_ACTIVE_ARCH = YES;
				SDKROOT = iphoneos;
				SWIFT_ACTIVE_COMPILATION_CONDITIONS = DEBUG;
				SWIFT_OPTIMIZATION_LEVEL = "-Onone";
			};
			name = AustraliaDebug;
		};
		B16D15E81EE1A11E00731719 /* AustraliaRelease */ = {
			isa = XCBuildConfiguration;
			buildSettings = {
				ALWAYS_SEARCH_USER_PATHS = NO;
				BUNDLE_DISPLAY_NAME = "My Aussie Weather";
				CLANG_ANALYZER_NONNULL = YES;
				CLANG_CXX_LANGUAGE_STANDARD = "gnu++0x";
				CLANG_CXX_LIBRARY = "libc++";
				CLANG_ENABLE_MODULES = YES;
				CLANG_ENABLE_OBJC_ARC = YES;
				CLANG_WARN_BOOL_CONVERSION = YES;
				CLANG_WARN_CONSTANT_CONVERSION = YES;
				CLANG_WARN_DIRECT_OBJC_ISA_USAGE = YES_ERROR;
				CLANG_WARN_DOCUMENTATION_COMMENTS = YES;
				CLANG_WARN_EMPTY_BODY = YES;
				CLANG_WARN_ENUM_CONVERSION = YES;
				CLANG_WARN_INFINITE_RECURSION = YES;
				CLANG_WARN_INT_CONVERSION = YES;
				CLANG_WARN_OBJC_ROOT_CLASS = YES_ERROR;
				CLANG_WARN_SUSPICIOUS_MOVES = YES;
				CLANG_WARN_UNREACHABLE_CODE = YES;
				CLANG_WARN__DUPLICATE_METHOD_MATCH = YES;
				"CODE_SIGN_IDENTITY[sdk=iphoneos*]" = "iPhone Developer";
				COLOR_SCHEMA = "#030E88";
				COPY_PHASE_STRIP = NO;
				DEBUG_INFORMATION_FORMAT = "dwarf-with-dsym";
				ENABLE_NS_ASSERTIONS = NO;
				ENABLE_STRICT_OBJC_MSGSEND = YES;
				GCC_C_LANGUAGE_STANDARD = gnu99;
				GCC_NO_COMMON_BLOCKS = YES;
				GCC_WARN_64_TO_32_BIT_CONVERSION = YES;
				GCC_WARN_ABOUT_RETURN_TYPE = YES_ERROR;
				GCC_WARN_UNDECLARED_SELECTOR = YES;
				GCC_WARN_UNINITIALIZED_AUTOS = YES_AGGRESSIVE;
				GCC_WARN_UNUSED_FUNCTION = YES;
				GCC_WARN_UNUSED_VARIABLE = YES;
				IPHONEOS_DEPLOYMENT_TARGET = 10.1;
				MTL_ENABLE_DEBUG_INFO = NO;
				SDKROOT = iphoneos;
				SWIFT_OPTIMIZATION_LEVEL = "-Owholemodule";
				VALIDATE_PRODUCT = YES;
			};
			name = AustraliaRelease;
		};
		B16D15EA1EE1A11E00731719 /* AustraliaDebug */ = {
			isa = XCBuildConfiguration;
			baseConfigurationReference = 6342CCE56FB74B93BCF20D6E /* Pods-BWeather.australiadebug.xcconfig */;
			buildSettings = {
				ASSETCATALOG_COMPILER_APPICON_NAME = AppIcon;
				DEVELOPMENT_TEAM = 837W344MF8;
				INFOPLIST_FILE = BWeather/Info.plist;
				IPHONEOS_DEPLOYMENT_TARGET = 10.1;
				LD_RUNPATH_SEARCH_PATHS = "$(inherited) @executable_path/Frameworks";
				PRODUCT_BUNDLE_IDENTIFIER = hu.bence.BWeather;
				PRODUCT_NAME = "$(TARGET_NAME)";
				SWIFT_VERSION = 3.0;
			};
			name = AustraliaDebug;
		};
		B16D15EB1EE1A11E00731719 /* AustraliaRelease */ = {
			isa = XCBuildConfiguration;
			baseConfigurationReference = 34838F659F5E091F8CB2D34A /* Pods-BWeather.australiarelease.xcconfig */;
			buildSettings = {
				ASSETCATALOG_COMPILER_APPICON_NAME = AppIcon;
				DEVELOPMENT_TEAM = 837W344MF8;
				INFOPLIST_FILE = BWeather/Info.plist;
				IPHONEOS_DEPLOYMENT_TARGET = 10.1;
				LD_RUNPATH_SEARCH_PATHS = "$(inherited) @executable_path/Frameworks";
				PRODUCT_BUNDLE_IDENTIFIER = hu.bence.BWeather;
				PRODUCT_NAME = "$(TARGET_NAME)";
				SWIFT_VERSION = 3.0;
			};
			name = AustraliaRelease;
		};
		B19EAF801F06A48C0030B367 /* AustraliaDebug */ = {
			isa = XCBuildConfiguration;
			baseConfigurationReference = B7B22FC0BFBB0F3CF045EEA9 /* Pods-BWeather-BWeatherTests.australiadebug.xcconfig */;
			buildSettings = {
				BUNDLE_LOADER = "$(TEST_HOST)";
				CLANG_ENABLE_MODULES = YES;
				DEVELOPMENT_TEAM = 837W344MF8;
				INFOPLIST_FILE = BWeatherTests/Info.plist;
				LD_RUNPATH_SEARCH_PATHS = "$(inherited) @executable_path/Frameworks @loader_path/Frameworks";
				PRODUCT_BUNDLE_IDENTIFIER = hu.bence.BWeatherTests;
				PRODUCT_NAME = "$(TARGET_NAME)";
				SWIFT_OPTIMIZATION_LEVEL = "-Onone";
				SWIFT_VERSION = 3.0;
				TEST_HOST = "$(BUILT_PRODUCTS_DIR)/BWeather.app/BWeather";
			};
			name = AustraliaDebug;
		};
		B19EAF811F06A48C0030B367 /* AustraliaRelease */ = {
			isa = XCBuildConfiguration;
			baseConfigurationReference = 6D0993507DCA29F4342EB887 /* Pods-BWeather-BWeatherTests.australiarelease.xcconfig */;
			buildSettings = {
				BUNDLE_LOADER = "$(TEST_HOST)";
				CLANG_ENABLE_MODULES = YES;
				DEVELOPMENT_TEAM = 837W344MF8;
				INFOPLIST_FILE = BWeatherTests/Info.plist;
				LD_RUNPATH_SEARCH_PATHS = "$(inherited) @executable_path/Frameworks @loader_path/Frameworks";
				PRODUCT_BUNDLE_IDENTIFIER = hu.bence.BWeatherTests;
				PRODUCT_NAME = "$(TARGET_NAME)";
				SWIFT_VERSION = 3.0;
				TEST_HOST = "$(BUILT_PRODUCTS_DIR)/BWeather.app/BWeather";
			};
			name = AustraliaRelease;
		};
/* End XCBuildConfiguration section */

/* Begin XCConfigurationList section */
		B16D15D21EE1A11E00731719 /* Build configuration list for PBXProject "BWeather" */ = {
			isa = XCConfigurationList;
			buildConfigurations = (
				B16D15E71EE1A11E00731719 /* AustraliaDebug */,
				B16D15E81EE1A11E00731719 /* AustraliaRelease */,
				B10E580A1F094390005CFFE1 /* CanadaDebug */,
				B10E580D1F09439C005CFFE1 /* CanadaRelease */,
			);
			defaultConfigurationIsVisible = 0;
			defaultConfigurationName = AustraliaRelease;
		};
		B16D15E91EE1A11E00731719 /* Build configuration list for PBXNativeTarget "BWeather" */ = {
			isa = XCConfigurationList;
			buildConfigurations = (
				B16D15EA1EE1A11E00731719 /* AustraliaDebug */,
				B16D15EB1EE1A11E00731719 /* AustraliaRelease */,
				B10E580B1F094390005CFFE1 /* CanadaDebug */,
				B10E580E1F09439C005CFFE1 /* CanadaRelease */,
			);
			defaultConfigurationIsVisible = 0;
			defaultConfigurationName = AustraliaRelease;
		};
		B19EAF7F1F06A48C0030B367 /* Build configuration list for PBXNativeTarget "BWeatherTests" */ = {
			isa = XCConfigurationList;
			buildConfigurations = (
				B19EAF801F06A48C0030B367 /* AustraliaDebug */,
				B19EAF811F06A48C0030B367 /* AustraliaRelease */,
				B10E580C1F094390005CFFE1 /* CanadaDebug */,
				B10E580F1F09439C005CFFE1 /* CanadaRelease */,
			);
			defaultConfigurationIsVisible = 0;
			defaultConfigurationName = AustraliaRelease;
		};
/* End XCConfigurationList section */
	};
	rootObject = B16D15CF1EE1A11E00731719 /* Project object */;
}
